
Microsoft Visual Studio Solution File, Format Version 12.00
# Visual Studio Version 16
VisualStudioVersion = 16.0.31410.357
MinimumVisualStudioVersion = 10.0.40219.1
Project("{E24C65DC-7377-472B-9ABA-BC803B73C61A}") = "intell.controls", "intell.controls\", "{E026A00B-E247-45AB-937B-D7D831945867}"
	ProjectSection(WebsiteProperties) = preProject
		TargetFrameworkMoniker = ".NETFramework,Version%3Dv4.0"
		Debug.AspNetCompiler.VirtualPath = "/localhost_61207"
		Debug.AspNetCompiler.PhysicalPath = "intell.controls\"
		Debug.AspNetCompiler.TargetPath = "PrecompiledWeb\localhost_61207\"
		Debug.AspNetCompiler.Updateable = "true"
		Debug.AspNetCompiler.ForceOverwrite = "true"
		Debug.AspNetCompiler.FixedNames = "false"
		Debug.AspNetCompiler.Debug = "True"
		Release.AspNetCompiler.VirtualPath = "/localhost_61207"
		Release.AspNetCompiler.PhysicalPath = "intell.controls\"
		Release.AspNetCompiler.TargetPath = "PrecompiledWeb\localhost_61207\"
		Release.AspNetCompiler.Updateable = "true"
		Release.AspNetCompiler.ForceOverwrite = "true"
		Release.AspNetCompiler.FixedNames = "false"
		Release.AspNetCompiler.Debug = "False"
		VWDPort = "61207"
		SlnRelativePath = "intell.controls\"
		StartServerOnDebug = "false"
	EndProjectSection
EndProject
Project("{E24C65DC-7377-472B-9ABA-BC803B73C61A}") = "intell", "intell\", "{971BF1A7-3544-4858-A0D9-D90146453294}"
	ProjectSection(WebsiteProperties) = preProject
		TargetFrameworkMoniker = ".NETFramework,Version%3Dv4.0"
		Debug.AspNetCompiler.VirtualPath = "/localhost_61849"
		Debug.AspNetCompiler.PhysicalPath = "intell\"
		Debug.AspNetCompiler.TargetPath = "PrecompiledWeb\localhost_61849\"
		Debug.AspNetCompiler.Updateable = "true"
		Debug.AspNetCompiler.ForceOverwrite = "true"
		Debug.AspNetCompiler.FixedNames = "false"
		Debug.AspNetCompiler.Debug = "True"
		Release.AspNetCompiler.VirtualPath = "/localhost_61849"
		Release.AspNetCompiler.PhysicalPath = "intell\"
		Release.AspNetCompiler.TargetPath = "PrecompiledWeb\localhost_61849\"
		Release.AspNetCompiler.Updateable = "true"
		Release.AspNetCompiler.ForceOverwrite = "true"
		Release.AspNetCompiler.FixedNames = "false"
		Release.AspNetCompiler.Debug = "False"
		VWDPort = "61849"
	EndProjectSection
EndProject
Global
	GlobalSection(SolutionConfigurationPlatforms) = preSolution
		Debug|Any CPU = Debug|Any CPU
		Release|Any CPU = Release|Any CPU
	EndGlobalSection
	GlobalSection(ProjectConfigurationPlatforms) = postSolution
		{E026A00B-E247-45AB-937B-D7D831945867}.Debug|Any CPU.ActiveCfg = Debug|Any CPU
		{E026A00B-E247-45AB-937B-D7D831945867}.Release|Any CPU.ActiveCfg = Debug|Any CPU
		{E026A00B-E247-45AB-937B-D7D831945867}.Release|Any CPU.Build.0 = Debug|Any CPU
		{971BF1A7-3544-4858-A0D9-D90146453294}.Debug|Any CPU.ActiveCfg = Debug|Any CPU
		{971BF1A7-3544-4858-A0D9-D90146453294}.Debug|Any CPU.Build.0 = Debug|Any CPU
		{971BF1A7-3544-4858-A0D9-D90146453294}.Release|Any CPU.ActiveCfg = Debug|Any CPU
		{971BF1A7-3544-4858-A0D9-D90146453294}.Release|Any CPU.Build.0 = Debug|Any CPU
	EndGlobalSection
	GlobalSection(SolutionProperties) = preSolution
		HideSolutionNode = FALSE
	EndGlobalSection
	GlobalSection(ExtensibilityGlobals) = postSolution
		SolutionGuid = {4FF4732E-C450-4A9F-A52D-85EB209D1E07}
	EndGlobalSection
EndGlobal
